
Microsoft Visual Studio Solution File, Format Version 12.00
# Visual Studio Version 16
VisualStudioVersion = 16.0.810.14
MinimumVisualStudioVersion = 10.0.40219.1
Project("{FAE04EC0-301F-11D3-BF4B-00C04F79EFBC}") = "SortingAlgorithmAnalysis.Android", "SortingAlgorithmAnalysis.Android\SortingAlgorithmAnalysis.Android.csproj", "{F1F5A10E-A251-404C-A241-0AA319331AD0}"
EndProject
Project("{FAE04EC0-301F-11D3-BF4B-00C04F79EFBC}") = "SortingAlgorithmAnalysis.iOS", "SortingAlgorithmAnalysis.iOS\SortingAlgorithmAnalysis.iOS.csproj", "{4BB09C7E-DAAC-4C19-BD63-9C081D8A75EF}"
EndProject
Project("{FAE04EC0-301F-11D3-BF4B-00C04F79EFBC}") = "SortingAlgorithmAnalysis", "SortingAlgorithmAnalysis\SortingAlgorithmAnalysis.csproj", "{2589E32D-8552-4A04-AFA2-7B432D0A0BF5}"
EndProject
Global
	GlobalSection(SolutionConfigurationPlatforms) = preSolution
		Debug|Any CPU = Debug|Any CPU
		Release|Any CPU = Release|Any CPU
		Debug|iPhoneSimulator = Debug|iPhoneSimulator
		Release|iPhoneSimulator = Release|iPhoneSimulator
		Debug|iPhone = Debug|iPhone
		Release|iPhone = Release|iPhone
	EndGlobalSection
	GlobalSection(ProjectConfigurationPlatforms) = postSolution
		{F1F5A10E-A251-404C-A241-0AA319331AD0}.Debug|Any CPU.ActiveCfg = Debug|Any CPU
		{F1F5A10E-A251-404C-A241-0AA319331AD0}.Debug|Any CPU.Build.0 = Debug|Any CPU
		{F1F5A10E-A251-404C-A241-0AA319331AD0}.Release|Any CPU.ActiveCfg = Release|Any CPU
		{F1F5A10E-A251-404C-A241-0AA319331AD0}.Release|Any CPU.Build.0 = Release|Any CPU
		{F1F5A10E-A251-404C-A241-0AA319331AD0}.Debug|iPhoneSimulator.ActiveCfg = Debug|Any CPU
		{F1F5A10E-A251-404C-A241-0AA319331AD0}.Debug|iPhoneSimulator.Build.0 = Debug|Any CPU
		{F1F5A10E-A251-404C-A241-0AA319331AD0}.Release|iPhoneSimulator.ActiveCfg = Release|Any CPU
		{F1F5A10E-A251-404C-A241-0AA319331AD0}.Release|iPhoneSimulator.Build.0 = Release|Any CPU
		{F1F5A10E-A251-404C-A241-0AA319331AD0}.Debug|iPhone.ActiveCfg = Debug|Any CPU
		{F1F5A10E-A251-404C-A241-0AA319331AD0}.Debug|iPhone.Build.0 = Debug|Any CPU
		{F1F5A10E-A251-404C-A241-0AA319331AD0}.Release|iPhone.ActiveCfg = Release|Any CPU
		{F1F5A10E-A251-404C-A241-0AA319331AD0}.Release|iPhone.Build.0 = Release|Any CPU
		{4BB09C7E-DAAC-4C19-BD63-9C081D8A75EF}.Debug|Any CPU.ActiveCfg = Debug|iPhoneSimulator
		{4BB09C7E-DAAC-4C19-BD63-9C081D8A75EF}.Debug|Any CPU.Build.0 = Debug|iPhoneSimulator
		{4BB09C7E-DAAC-4C19-BD63-9C081D8A75EF}.Release|Any CPU.ActiveCfg = Release|iPhoneSimulator
		{4BB09C7E-DAAC-4C19-BD63-9C081D8A75EF}.Release|Any CPU.Build.0 = Release|iPhoneSimulator
		{4BB09C7E-DAAC-4C19-BD63-9C081D8A75EF}.Debug|iPhoneSimulator.ActiveCfg = Debug|iPhoneSimulator
		{4BB09C7E-DAAC-4C19-BD63-9C081D8A75EF}.Debug|iPhoneSimulator.Build.0 = Debug|iPhoneSimulator
		{4BB09C7E-DAAC-4C19-BD63-9C081D8A75EF}.Release|iPhoneSimulator.ActiveCfg = Release|iPhoneSimulator
		{4BB09C7E-DAAC-4C19-BD63-9C081D8A75EF}.Release|iPhoneSimulator.Build.0 = Release|iPhoneSimulator
		{4BB09C7E-DAAC-4C19-BD63-9C081D8A75EF}.Debug|iPhone.ActiveCfg = Debug|iPhone
		{4BB09C7E-DAAC-4C19-BD63-9C081D8A75EF}.Debug|iPhone.Build.0 = Debug|iPhone
		{4BB09C7E-DAAC-4C19-BD63-9C081D8A75EF}.Release|iPhone.ActiveCfg = Release|iPhone
		{4BB09C7E-DAAC-4C19-BD63-9C081D8A75EF}.Release|iPhone.Build.0 = Release|iPhone
		{2589E32D-8552-4A04-AFA2-7B432D0A0BF5}.Debug|Any CPU.ActiveCfg = Debug|Any CPU
		{2589E32D-8552-4A04-AFA2-7B432D0A0BF5}.Debug|Any CPU.Build.0 = Debug|Any CPU
		{2589E32D-8552-4A04-AFA2-7B432D0A0BF5}.Release|Any CPU.ActiveCfg = Release|Any CPU
		{2589E32D-8552-4A04-AFA2-7B432D0A0BF5}.Release|Any CPU.Build.0 = Release|Any CPU
		{2589E32D-8552-4A04-AFA2-7B432D0A0BF5}.Debug|iPhoneSimulator.ActiveCfg = Debug|Any CPU
		{2589E32D-8552-4A04-AFA2-7B432D0A0BF5}.Debug|iPhoneSimulator.Build.0 = Debug|Any CPU
		{2589E32D-8552-4A04-AFA2-7B432D0A0BF5}.Release|iPhoneSimulator.ActiveCfg = Release|Any CPU
		{2589E32D-8552-4A04-AFA2-7B432D0A0BF5}.Release|iPhoneSimulator.Build.0 = Release|Any CPU
		{2589E32D-8552-4A04-AFA2-7B432D0A0BF5}.Debug|iPhone.ActiveCfg = Debug|Any CPU
		{2589E32D-8552-4A04-AFA2-7B432D0A0BF5}.Debug|iPhone.Build.0 = Debug|Any CPU
		{2589E32D-8552-4A04-AFA2-7B432D0A0BF5}.Release|iPhone.ActiveCfg = Release|Any CPU
		{2589E32D-8552-4A04-AFA2-7B432D0A0BF5}.Release|iPhone.Build.0 = Release|Any CPU
	EndGlobalSection
	GlobalSection(SolutionProperties) = preSolution
		HideSolutionNode = FALSE
	EndGlobalSection
	GlobalSection(ExtensibilityGlobals) = postSolution
		SolutionGuid = {91D53864-264E-42FE-9C34-2D336E40C3EF}
	EndGlobalSection
EndGlobal
